// !$*UTF8*$!
{
	archiveVersion = 1;
	classes = {
	};
	objectVersion = 46;
	objects = {

/* Begin PBXBuildFile section */
		8ED74C1B9BE04E0E8C89619D /* libPods.a in Frameworks */ = {isa = PBXBuildFile; fileRef = 95A2A7A5E2184035843A8173 /* libPods.a */; };
		C90433C619C5251900EA699A /* HCDatabase.m in Sources */ = {isa = PBXBuildFile; fileRef = C90433C519C5251900EA699A /* HCDatabase.m */; };
		C949DAC119BEB44800BBB90A /* FRFMDBHelpers.m in Sources */ = {isa = PBXBuildFile; fileRef = C949DAC019BEB44800BBB90A /* FRFMDBHelpers.m */; };
		C9AF2ED719B8E1EF00F1DAEC /* Foundation.framework in Frameworks */ = {isa = PBXBuildFile; fileRef = C9AF2ED619B8E1EF00F1DAEC /* Foundation.framework */; };
		C9AF2ED919B8E1EF00F1DAEC /* CoreGraphics.framework in Frameworks */ = {isa = PBXBuildFile; fileRef = C9AF2ED819B8E1EF00F1DAEC /* CoreGraphics.framework */; };
		C9AF2EDB19B8E1EF00F1DAEC /* UIKit.framework in Frameworks */ = {isa = PBXBuildFile; fileRef = C9AF2EDA19B8E1EF00F1DAEC /* UIKit.framework */; };
		C9AF2EE119B8E1EF00F1DAEC /* InfoPlist.strings in Resources */ = {isa = PBXBuildFile; fileRef = C9AF2EDF19B8E1EF00F1DAEC /* InfoPlist.strings */; };
		C9AF2EE319B8E1EF00F1DAEC /* main.m in Sources */ = {isa = PBXBuildFile; fileRef = C9AF2EE219B8E1EF00F1DAEC /* main.m */; };
		C9AF2EE719B8E1EF00F1DAEC /* AppDelegate.m in Sources */ = {isa = PBXBuildFile; fileRef = C9AF2EE619B8E1EF00F1DAEC /* AppDelegate.m */; };
		C9AF2EE919B8E1EF00F1DAEC /* Images.xcassets in Resources */ = {isa = PBXBuildFile; fileRef = C9AF2EE819B8E1EF00F1DAEC /* Images.xcassets */; };
		C9AF2EF019B8E1F000F1DAEC /* XCTest.framework in Frameworks */ = {isa = PBXBuildFile; fileRef = C9AF2EEF19B8E1F000F1DAEC /* XCTest.framework */; };
		C9AF2EF119B8E1F000F1DAEC /* Foundation.framework in Frameworks */ = {isa = PBXBuildFile; fileRef = C9AF2ED619B8E1EF00F1DAEC /* Foundation.framework */; };
		C9AF2EF219B8E1F000F1DAEC /* UIKit.framework in Frameworks */ = {isa = PBXBuildFile; fileRef = C9AF2EDA19B8E1EF00F1DAEC /* UIKit.framework */; };
		C9AF2EFA19B8E1F000F1DAEC /* InfoPlist.strings in Resources */ = {isa = PBXBuildFile; fileRef = C9AF2EF819B8E1F000F1DAEC /* InfoPlist.strings */; };
		C9AF2EFC19B8E1F000F1DAEC /* HCORM_iOSTests.m in Sources */ = {isa = PBXBuildFile; fileRef = C9AF2EFB19B8E1F000F1DAEC /* HCORM_iOSTests.m */; };
		C9AF2F0719B8E25700F1DAEC /* HCORM.m in Sources */ = {isa = PBXBuildFile; fileRef = C9AF2F0619B8E25700F1DAEC /* HCORM.m */; };
		C9AF2F0B19B8E39900F1DAEC /* Library.db in Resources */ = {isa = PBXBuildFile; fileRef = C9AF2F0A19B8E39900F1DAEC /* Library.db */; };
		C9AF2F0E19B8EE3500F1DAEC /* HCModel.m in Sources */ = {isa = PBXBuildFile; fileRef = C9AF2F0D19B8EE3500F1DAEC /* HCModel.m */; };
/* End PBXBuildFile section */

/* Begin PBXContainerItemProxy section */
		C9AF2EF319B8E1F000F1DAEC /* PBXContainerItemProxy */ = {
			isa = PBXContainerItemProxy;
			containerPortal = C9AF2ECB19B8E1EF00F1DAEC /* Project object */;
			proxyType = 1;
			remoteGlobalIDString = C9AF2ED219B8E1EF00F1DAEC;
			remoteInfo = "HCORM-iOS";
		};
/* End PBXContainerItemProxy section */

/* Begin PBXFileReference section */
		95A2A7A5E2184035843A8173 /* libPods.a */ = {isa = PBXFileReference; explicitFileType = archive.ar; includeInIndex = 0; path = libPods.a; sourceTree = BUILT_PRODUCTS_DIR; };
		C148F9F81DDC44F0AC1A1298 /* Pods.xcconfig */ = {isa = PBXFileReference; includeInIndex = 1; lastKnownFileType = text.xcconfig; name = Pods.xcconfig; path = Pods/Pods.xcconfig; sourceTree = "<group>"; };
		C90433C419C5251900EA699A /* HCDatabase.h */ = {isa = PBXFileReference; fileEncoding = 4; lastKnownFileType = sourcecode.c.h; name = HCDatabase.h; path = HCORM/HCDatabase.h; sourceTree = "<group>"; };
		C90433C519C5251900EA699A /* HCDatabase.m */ = {isa = PBXFileReference; fileEncoding = 4; lastKnownFileType = sourcecode.c.objc; name = HCDatabase.m; path = HCORM/HCDatabase.m; sourceTree = "<group>"; };
		C949DABF19BEB44800BBB90A /* FRFMDBHelpers.h */ = {isa = PBXFileReference; fileEncoding = 4; lastKnownFileType = sourcecode.c.h; path = FRFMDBHelpers.h; sourceTree = "<group>"; };
		C949DAC019BEB44800BBB90A /* FRFMDBHelpers.m */ = {isa = PBXFileReference; fileEncoding = 4; lastKnownFileType = sourcecode.c.objc; path = FRFMDBHelpers.m; sourceTree = "<group>"; };
		C9AF2ED319B8E1EF00F1DAEC /* HCORM-iOS.app */ = {isa = PBXFileReference; explicitFileType = wrapper.application; includeInIndex = 0; path = "HCORM-iOS.app"; sourceTree = BUILT_PRODUCTS_DIR; };
		C9AF2ED619B8E1EF00F1DAEC /* Foundation.framework */ = {isa = PBXFileReference; lastKnownFileType = wrapper.framework; name = Foundation.framework; path = System/Library/Frameworks/Foundation.framework; sourceTree = SDKROOT; };
		C9AF2ED819B8E1EF00F1DAEC /* CoreGraphics.framework */ = {isa = PBXFileReference; lastKnownFileType = wrapper.framework; name = CoreGraphics.framework; path = System/Library/Frameworks/CoreGraphics.framework; sourceTree = SDKROOT; };
		C9AF2EDA19B8E1EF00F1DAEC /* UIKit.framework */ = {isa = PBXFileReference; lastKnownFileType = wrapper.framework; name = UIKit.framework; path = System/Library/Frameworks/UIKit.framework; sourceTree = SDKROOT; };
		C9AF2EDE19B8E1EF00F1DAEC /* HCORM-iOS-Info.plist */ = {isa = PBXFileReference; lastKnownFileType = text.plist.xml; path = "HCORM-iOS-Info.plist"; sourceTree = "<group>"; };
		C9AF2EE019B8E1EF00F1DAEC /* en */ = {isa = PBXFileReference; lastKnownFileType = text.plist.strings; name = en; path = en.lproj/InfoPlist.strings; sourceTree = "<group>"; };
		C9AF2EE219B8E1EF00F1DAEC /* main.m */ = {isa = PBXFileReference; lastKnownFileType = sourcecode.c.objc; path = main.m; sourceTree = "<group>"; };
		C9AF2EE419B8E1EF00F1DAEC /* HCORM-iOS-Prefix.pch */ = {isa = PBXFileReference; lastKnownFileType = sourcecode.c.h; path = "HCORM-iOS-Prefix.pch"; sourceTree = "<group>"; };
		C9AF2EE519B8E1EF00F1DAEC /* AppDelegate.h */ = {isa = PBXFileReference; lastKnownFileType = sourcecode.c.h; path = AppDelegate.h; sourceTree = "<group>"; };
		C9AF2EE619B8E1EF00F1DAEC /* AppDelegate.m */ = {isa = PBXFileReference; lastKnownFileType = sourcecode.c.objc; path = AppDelegate.m; sourceTree = "<group>"; };
		C9AF2EE819B8E1EF00F1DAEC /* Images.xcassets */ = {isa = PBXFileReference; lastKnownFileType = folder.assetcatalog; path = Images.xcassets; sourceTree = "<group>"; };
		C9AF2EEE19B8E1F000F1DAEC /* HCORM-iOSTests.xctest */ = {isa = PBXFileReference; explicitFileType = wrapper.cfbundle; includeInIndex = 0; path = "HCORM-iOSTests.xctest"; sourceTree = BUILT_PRODUCTS_DIR; };
		C9AF2EEF19B8E1F000F1DAEC /* XCTest.framework */ = {isa = PBXFileReference; lastKnownFileType = wrapper.framework; name = XCTest.framework; path = Library/Frameworks/XCTest.framework; sourceTree = DEVELOPER_DIR; };
		C9AF2EF719B8E1F000F1DAEC /* HCORM-iOSTests-Info.plist */ = {isa = PBXFileReference; lastKnownFileType = text.plist.xml; path = "HCORM-iOSTests-Info.plist"; sourceTree = "<group>"; };
		C9AF2EF919B8E1F000F1DAEC /* en */ = {isa = PBXFileReference; lastKnownFileType = text.plist.strings; name = en; path = en.lproj/InfoPlist.strings; sourceTree = "<group>"; };
		C9AF2EFB19B8E1F000F1DAEC /* HCORM_iOSTests.m */ = {isa = PBXFileReference; lastKnownFileType = sourcecode.c.objc; path = HCORM_iOSTests.m; sourceTree = "<group>"; };
		C9AF2F0519B8E25700F1DAEC /* HCORM.h */ = {isa = PBXFileReference; fileEncoding = 4; lastKnownFileType = sourcecode.c.h; name = HCORM.h; path = HCORM/HCORM.h; sourceTree = "<group>"; };
		C9AF2F0619B8E25700F1DAEC /* HCORM.m */ = {isa = PBXFileReference; fileEncoding = 4; lastKnownFileType = sourcecode.c.objc; name = HCORM.m; path = HCORM/HCORM.m; sourceTree = "<group>"; };
		C9AF2F0A19B8E39900F1DAEC /* Library.db */ = {isa = PBXFileReference; lastKnownFileType = file; path = Library.db; sourceTree = "<group>"; };
		C9AF2F0C19B8EE3500F1DAEC /* HCModel.h */ = {isa = PBXFileReference; fileEncoding = 4; lastKnownFileType = sourcecode.c.h; name = HCModel.h; path = HCORM/HCModel.h; sourceTree = "<group>"; };
		C9AF2F0D19B8EE3500F1DAEC /* HCModel.m */ = {isa = PBXFileReference; fileEncoding = 4; lastKnownFileType = sourcecode.c.objc; name = HCModel.m; path = HCORM/HCModel.m; sourceTree = "<group>"; };
/* End PBXFileReference section */

/* Begin PBXFrameworksBuildPhase section */
		C9AF2ED019B8E1EF00F1DAEC /* Frameworks */ = {
			isa = PBXFrameworksBuildPhase;
			buildActionMask = 2147483647;
			files = (
				C9AF2ED919B8E1EF00F1DAEC /* CoreGraphics.framework in Frameworks */,
				C9AF2EDB19B8E1EF00F1DAEC /* UIKit.framework in Frameworks */,
				C9AF2ED719B8E1EF00F1DAEC /* Foundation.framework in Frameworks */,
				8ED74C1B9BE04E0E8C89619D /* libPods.a in Frameworks */,
			);
			runOnlyForDeploymentPostprocessing = 0;
		};
		C9AF2EEB19B8E1F000F1DAEC /* Frameworks */ = {
			isa = PBXFrameworksBuildPhase;
			buildActionMask = 2147483647;
			files = (
				C9AF2EF019B8E1F000F1DAEC /* XCTest.framework in Frameworks */,
				C9AF2EF219B8E1F000F1DAEC /* UIKit.framework in Frameworks */,
				C9AF2EF119B8E1F000F1DAEC /* Foundation.framework in Frameworks */,
			);
			runOnlyForDeploymentPostprocessing = 0;
		};
/* End PBXFrameworksBuildPhase section */

/* Begin PBXGroup section */
		C949DABE19BEB44800BBB90A /* FRFMDBHelpers */ = {
			isa = PBXGroup;
			children = (
				C949DABF19BEB44800BBB90A /* FRFMDBHelpers.h */,
				C949DAC019BEB44800BBB90A /* FRFMDBHelpers.m */,
			);
			path = FRFMDBHelpers;
			sourceTree = "<group>";
		};
		C9AF2ECA19B8E1EF00F1DAEC = {
			isa = PBXGroup;
			children = (
				C9AF2EDC19B8E1EF00F1DAEC /* HCORM-iOS */,
				C9AF2EF519B8E1F000F1DAEC /* HCORM-iOSTests */,
				C9AF2ED519B8E1EF00F1DAEC /* Frameworks */,
				C9AF2ED419B8E1EF00F1DAEC /* Products */,
				C148F9F81DDC44F0AC1A1298 /* Pods.xcconfig */,
			);
			sourceTree = "<group>";
		};
		C9AF2ED419B8E1EF00F1DAEC /* Products */ = {
			isa = PBXGroup;
			children = (
				C9AF2ED319B8E1EF00F1DAEC /* HCORM-iOS.app */,
				C9AF2EEE19B8E1F000F1DAEC /* HCORM-iOSTests.xctest */,
			);
			name = Products;
			sourceTree = "<group>";
		};
		C9AF2ED519B8E1EF00F1DAEC /* Frameworks */ = {
			isa = PBXGroup;
			children = (
				C9AF2ED619B8E1EF00F1DAEC /* Foundation.framework */,
				C9AF2ED819B8E1EF00F1DAEC /* CoreGraphics.framework */,
				C9AF2EDA19B8E1EF00F1DAEC /* UIKit.framework */,
				C9AF2EEF19B8E1F000F1DAEC /* XCTest.framework */,
				95A2A7A5E2184035843A8173 /* libPods.a */,
			);
			name = Frameworks;
			sourceTree = "<group>";
		};
		C9AF2EDC19B8E1EF00F1DAEC /* HCORM-iOS */ = {
			isa = PBXGroup;
			children = (
				C949DABE19BEB44800BBB90A /* FRFMDBHelpers */,
				C9AF2F0819B8E25C00F1DAEC /* HCORM */,
				C9AF2EE519B8E1EF00F1DAEC /* AppDelegate.h */,
				C9AF2EE619B8E1EF00F1DAEC /* AppDelegate.m */,
				C9AF2EE819B8E1EF00F1DAEC /* Images.xcassets */,
				C9AF2EDD19B8E1EF00F1DAEC /* Supporting Files */,
			);
			path = "HCORM-iOS";
			sourceTree = "<group>";
		};
		C9AF2EDD19B8E1EF00F1DAEC /* Supporting Files */ = {
			isa = PBXGroup;
			children = (
				C9AF2F0919B8E39900F1DAEC /* Resources */,
				C9AF2EDE19B8E1EF00F1DAEC /* HCORM-iOS-Info.plist */,
				C9AF2EDF19B8E1EF00F1DAEC /* InfoPlist.strings */,
				C9AF2EE219B8E1EF00F1DAEC /* main.m */,
				C9AF2EE419B8E1EF00F1DAEC /* HCORM-iOS-Prefix.pch */,
			);
			name = "Supporting Files";
			sourceTree = "<group>";
		};
		C9AF2EF519B8E1F000F1DAEC /* HCORM-iOSTests */ = {
			isa = PBXGroup;
			children = (
				C9AF2EFB19B8E1F000F1DAEC /* HCORM_iOSTests.m */,
				C9AF2EF619B8E1F000F1DAEC /* Supporting Files */,
			);
			path = "HCORM-iOSTests";
			sourceTree = "<group>";
		};
		C9AF2EF619B8E1F000F1DAEC /* Supporting Files */ = {
			isa = PBXGroup;
			children = (
				C9AF2EF719B8E1F000F1DAEC /* HCORM-iOSTests-Info.plist */,
				C9AF2EF819B8E1F000F1DAEC /* InfoPlist.strings */,
			);
			name = "Supporting Files";
			sourceTree = "<group>";
		};
		C9AF2F0819B8E25C00F1DAEC /* HCORM */ = {
			isa = PBXGroup;
			children = (
				C90433C419C5251900EA699A /* HCDatabase.h */,
				C90433C519C5251900EA699A /* HCDatabase.m */,
				C9AF2F0519B8E25700F1DAEC /* HCORM.h */,
				C9AF2F0619B8E25700F1DAEC /* HCORM.m */,
				C9AF2F0C19B8EE3500F1DAEC /* HCModel.h */,
				C9AF2F0D19B8EE3500F1DAEC /* HCModel.m */,
			);
			name = HCORM;
			sourceTree = "<group>";
		};
		C9AF2F0919B8E39900F1DAEC /* Resources */ = {
			isa = PBXGroup;
			children = (
				C9AF2F0A19B8E39900F1DAEC /* Library.db */,
			);
			path = Resources;
			sourceTree = "<group>";
		};
/* End PBXGroup section */

/* Begin PBXNativeTarget section */
		C9AF2ED219B8E1EF00F1DAEC /* HCORM-iOS */ = {
			isa = PBXNativeTarget;
			buildConfigurationList = C9AF2EFF19B8E1F000F1DAEC /* Build configuration list for PBXNativeTarget "HCORM-iOS" */;
			buildPhases = (
				FABFB28B5B854077A77C86D3 /* Check Pods Manifest.lock */,
				C9AF2ECF19B8E1EF00F1DAEC /* Sources */,
				C9AF2ED019B8E1EF00F1DAEC /* Frameworks */,
				C9AF2ED119B8E1EF00F1DAEC /* Resources */,
				C75AEEC1195A49158ED5BD69 /* Copy Pods Resources */,
			);
			buildRules = (
			);
			dependencies = (
			);
			name = "HCORM-iOS";
			productName = "HCORM-iOS";
			productReference = C9AF2ED319B8E1EF00F1DAEC /* HCORM-iOS.app */;
			productType = "com.apple.product-type.application";
		};
		C9AF2EED19B8E1F000F1DAEC /* HCORM-iOSTests */ = {
			isa = PBXNativeTarget;
			buildConfigurationList = C9AF2F0219B8E1F000F1DAEC /* Build configuration list for PBXNativeTarget "HCORM-iOSTests" */;
			buildPhases = (
				C9AF2EEA19B8E1F000F1DAEC /* Sources */,
				C9AF2EEB19B8E1F000F1DAEC /* Frameworks */,
				C9AF2EEC19B8E1F000F1DAEC /* Resources */,
			);
			buildRules = (
			);
			dependencies = (
				C9AF2EF419B8E1F000F1DAEC /* PBXTargetDependency */,
			);
			name = "HCORM-iOSTests";
			productName = "HCORM-iOSTests";
			productReference = C9AF2EEE19B8E1F000F1DAEC /* HCORM-iOSTests.xctest */;
			productType = "com.apple.product-type.bundle.unit-test";
		};
/* End PBXNativeTarget section */

/* Begin PBXProject section */
		C9AF2ECB19B8E1EF00F1DAEC /* Project object */ = {
			isa = PBXProject;
			attributes = {
				LastUpgradeCheck = 0510;
				ORGANIZATIONNAME = Horoscode;
				TargetAttributes = {
					C9AF2EED19B8E1F000F1DAEC = {
						TestTargetID = C9AF2ED219B8E1EF00F1DAEC;
					};
				};
			};
			buildConfigurationList = C9AF2ECE19B8E1EF00F1DAEC /* Build configuration list for PBXProject "HCORM-iOS" */;
			compatibilityVersion = "Xcode 3.2";
			developmentRegion = English;
			hasScannedForEncodings = 0;
			knownRegions = (
				en,
			);
			mainGroup = C9AF2ECA19B8E1EF00F1DAEC;
			productRefGroup = C9AF2ED419B8E1EF00F1DAEC /* Products */;
			projectDirPath = "";
			projectRoot = "";
			targets = (
				C9AF2ED219B8E1EF00F1DAEC /* HCORM-iOS */,
				C9AF2EED19B8E1F000F1DAEC /* HCORM-iOSTests */,
			);
		};
/* End PBXProject section */

/* Begin PBXResourcesBuildPhase section */
		C9AF2ED119B8E1EF00F1DAEC /* Resources */ = {
			isa = PBXResourcesBuildPhase;
			buildActionMask = 2147483647;
			files = (
				C9AF2F0B19B8E39900F1DAEC /* Library.db in Resources */,
				C9AF2EE119B8E1EF00F1DAEC /* InfoPlist.strings in Resources */,
				C9AF2EE919B8E1EF00F1DAEC /* Images.xcassets in Resources */,
			);
			runOnlyForDeploymentPostprocessing = 0;
		};
		C9AF2EEC19B8E1F000F1DAEC /* Resources */ = {
			isa = PBXResourcesBuildPhase;
			buildActionMask = 2147483647;
			files = (
				C9AF2EFA19B8E1F000F1DAEC /* InfoPlist.strings in Resources */,
			);
			runOnlyForDeploymentPostprocessing = 0;
		};
/* End PBXResourcesBuildPhase section */

/* Begin PBXShellScriptBuildPhase section */
		C75AEEC1195A49158ED5BD69 /* Copy Pods Resources */ = {
			isa = PBXShellScriptBuildPhase;
			buildActionMask = 2147483647;
			files = (
			);
			inputPaths = (
			);
			name = "Copy Pods Resources";
			outputPaths = (
			);
			runOnlyForDeploymentPostprocessing = 0;
			shellPath = /bin/sh;
			shellScript = "\"${SRCROOT}/Pods/Pods-resources.sh\"\n";
			showEnvVarsInLog = 0;
		};
		FABFB28B5B854077A77C86D3 /* Check Pods Manifest.lock */ = {
			isa = PBXShellScriptBuildPhase;
			buildActionMask = 2147483647;
			files = (
			);
			inputPaths = (
			);
			name = "Check Pods Manifest.lock";
			outputPaths = (
			);
			runOnlyForDeploymentPostprocessing = 0;
			shellPath = /bin/sh;
			shellScript = "diff \"${PODS_ROOT}/../Podfile.lock\" \"${PODS_ROOT}/Manifest.lock\" > /dev/null\nif [[ $? != 0 ]] ; then\n    cat << EOM\nerror: The sandbox is not in sync with the Podfile.lock. Run 'pod install' or update your CocoaPods installation.\nEOM\n    exit 1\nfi\n";
			showEnvVarsInLog = 0;
		};
/* End PBXShellScriptBuildPhase section */

/* Begin PBXSourcesBuildPhase section */
		C9AF2ECF19B8E1EF00F1DAEC /* Sources */ = {
			isa = PBXSourcesBuildPhase;
			buildActionMask = 2147483647;
			files = (
				C9AF2F0E19B8EE3500F1DAEC /* HCModel.m in Sources */,
				C90433C619C5251900EA699A /* HCDatabase.m in Sources */,
				C9AF2F0719B8E25700F1DAEC /* HCORM.m in Sources */,
				C949DAC119BEB44800BBB90A /* FRFMDBHelpers.m in Sources */,
				C9AF2EE719B8E1EF00F1DAEC /* AppDelegate.m in Sources */,
				C9AF2EE319B8E1EF00F1DAEC /* main.m in Sources */,
			);
			runOnlyForDeploymentPostprocessing = 0;
		};
		C9AF2EEA19B8E1F000F1DAEC /* Sources */ = {
			isa = PBXSourcesBuildPhase;
			buildActionMask = 2147483647;
			files = (
				C9AF2EFC19B8E1F000F1DAEC /* HCORM_iOSTests.m in Sources */,
			);
			runOnlyForDeploymentPostprocessing = 0;
		};
/* End PBXSourcesBuildPhase section */

/* Begin PBXTargetDependency section */
		C9AF2EF419B8E1F000F1DAEC /* PBXTargetDependency */ = {
			isa = PBXTargetDependency;
			target = C9AF2ED219B8E1EF00F1DAEC /* HCORM-iOS */;
			targetProxy = C9AF2EF319B8E1F000F1DAEC /* PBXContainerItemProxy */;
		};
/* End PBXTargetDependency section */

/* Begin PBXVariantGroup section */
		C9AF2EDF19B8E1EF00F1DAEC /* InfoPlist.strings */ = {
			isa = PBXVariantGroup;
			children = (
				C9AF2EE019B8E1EF00F1DAEC /* en */,
			);
			name = InfoPlist.strings;
			sourceTree = "<group>";
		};
		C9AF2EF819B8E1F000F1DAEC /* InfoPlist.strings */ = {
			isa = PBXVariantGroup;
			children = (
				C9AF2EF919B8E1F000F1DAEC /* en */,
			);
			name = InfoPlist.strings;
			sourceTree = "<group>";
		};
/* End PBXVariantGroup section */

/* Begin XCBuildConfiguration section */
		C9AF2EFD19B8E1F000F1DAEC /* Debug */ = {
			isa = XCBuildConfiguration;
			buildSettings = {
				ALWAYS_SEARCH_USER_PATHS = NO;
				CLANG_CXX_LANGUAGE_STANDARD = "gnu++0x";
				CLANG_CXX_LIBRARY = "libc++";
				CLANG_ENABLE_MODULES = YES;
				CLANG_ENABLE_OBJC_ARC = YES;
				CLANG_WARN_BOOL_CONVERSION = YES;
				CLANG_WARN_CONSTANT_CONVERSION = YES;
				CLANG_WARN_DIRECT_OBJC_ISA_USAGE = YES_ERROR;
				CLANG_WARN_EMPTY_BODY = YES;
				CLANG_WARN_ENUM_CONVERSION = YES;
				CLANG_WARN_INT_CONVERSION = YES;
				CLANG_WARN_OBJC_ROOT_CLASS = YES_ERROR;
				CLANG_WARN__DUPLICATE_METHOD_MATCH = YES;
				"CODE_SIGN_IDENTITY[sdk=iphoneos*]" = "iPhone Developer";
				COPY_PHASE_STRIP = NO;
				GCC_C_LANGUAGE_STANDARD = gnu99;
				GCC_DYNAMIC_NO_PIC = NO;
				GCC_OPTIMIZATION_LEVEL = 0;
				GCC_PREPROCESSOR_DEFINITIONS = (
					"DEBUG=1",
					"$(inherited)",
				);
				GCC_SYMBOLS_PRIVATE_EXTERN = NO;
				GCC_WARN_64_TO_32_BIT_CONVERSION = YES;
				GCC_WARN_ABOUT_RETURN_TYPE = YES_ERROR;
				GCC_WARN_UNDECLARED_SELECTOR = YES;
				GCC_WARN_UNINITIALIZED_AUTOS = YES_AGGRESSIVE;
				GCC_WARN_UNUSED_FUNCTION = YES;
				GCC_WARN_UNUSED_VARIABLE = YES;
				IPHONEOS_DEPLOYMENT_TARGET = 7.1;
				ONLY_ACTIVE_ARCH = YES;
				SDKROOT = iphoneos;
			};
			name = Debug;
		};
		C9AF2EFE19B8E1F000F1DAEC /* Release */ = {
			isa = XCBuildConfiguration;
			buildSettings = {
				ALWAYS_SEARCH_USER_PATHS = NO;
				CLANG_CXX_LANGUAGE_STANDARD = "gnu++0x";
				CLANG_CXX_LIBRARY = "libc++";
				CLANG_ENABLE_MODULES = YES;
				CLANG_ENABLE_OBJC_ARC = YES;
				CLANG_WARN_BOOL_CONVERSION = YES;
				CLANG_WARN_CONSTANT_CONVERSION = YES;
				CLANG_WARN_DIRECT_OBJC_ISA_USAGE = YES_ERROR;
				CLANG_WARN_EMPTY_BODY = YES;
				CLANG_WARN_ENUM_CONVERSION = YES;
				CLANG_WARN_INT_CONVERSION = YES;
				CLANG_WARN_OBJC_ROOT_CLASS = YES_ERROR;
				CLANG_WARN__DUPLICATE_METHOD_MATCH = YES;
				"CODE_SIGN_IDENTITY[sdk=iphoneos*]" = "iPhone Developer";
				COPY_PHASE_STRIP = YES;
				ENABLE_NS_ASSERTIONS = NO;
				GCC_C_LANGUAGE_STANDARD = gnu99;
				GCC_WARN_64_TO_32_BIT_CONVERSION = YES;
				GCC_WARN_ABOUT_RETURN_TYPE = YES_ERROR;
				GCC_WARN_UNDECLARED_SELECTOR = YES;
				GCC_WARN_UNINITIALIZED_AUTOS = YES_AGGRESSIVE;
				GCC_WARN_UNUSED_FUNCTION = YES;
				GCC_WARN_UNUSED_VARIABLE = YES;
				IPHONEOS_DEPLOYMENT_TARGET = 7.1;
				SDKROOT = iphoneos;
				VALIDATE_PRODUCT = YES;
			};
			name = Release;
		};
		C9AF2F0019B8E1F000F1DAEC /* Debug */ = {
			isa = XCBuildConfiguration;
			baseConfigurationReference = C148F9F81DDC44F0AC1A1298 /* Pods.xcconfig */;
			buildSettings = {
				ASSETCATALOG_COMPILER_APPICON_NAME = AppIcon;
				ASSETCATALOG_COMPILER_LAUNCHIMAGE_NAME = LaunchImage;
				GCC_PRECOMPILE_PREFIX_HEADER = YES;
				GCC_PREFIX_HEADER = "HCORM-iOS/HCORM-iOS-Prefix.pch";
				INFOPLIST_FILE = "HCORM-iOS/HCORM-iOS-Info.plist";
				IPHONEOS_DEPLOYMENT_TARGET = 7.0;
				PRODUCT_NAME = "$(TARGET_NAME)";
				WRAPPER_EXTENSION = app;
			};
			name = Debug;
		};
		C9AF2F0119B8E1F000F1DAEC /* Release */ = {
			isa = XCBuildConfiguration;
			baseConfigurationReference = C148F9F81DDC44F0AC1A1298 /* Pods.xcconfig */;
			buildSettings = {
				ASSETCATALOG_COMPILER_APPICON_NAME = AppIcon;
				ASSETCATALOG_COMPILER_LAUNCHIMAGE_NAME = LaunchImage;
				GCC_PRECOMPILE_PREFIX_HEADER = YES;
				GCC_PREFIX_HEADER = "HCORM-iOS/HCORM-iOS-Prefix.pch";
				INFOPLIST_FILE = "HCORM-iOS/HCORM-iOS-Info.plist";
				IPHONEOS_DEPLOYMENT_TARGET = 7.0;
				PRODUCT_NAME = "$(TARGET_NAME)";
				WRAPPER_EXTENSION = app;
			};
			name = Release;
		};
		C9AF2F0319B8E1F000F1DAEC /* Debug */ = {
			isa = XCBuildConfiguration;
			buildSettings = {
				BUNDLE_LOADER = "$(BUILT_PRODUCTS_DIR)/HCORM-iOS.app/HCORM-iOS";
				FRAMEWORK_SEARCH_PATHS = (
					"$(SDKROOT)/Developer/Library/Frameworks",
					"$(inherited)",
					"$(DEVELOPER_FRAMEWORKS_DIR)",
				);
				GCC_PRECOMPILE_PREFIX_HEADER = YES;
				GCC_PREFIX_HEADER = "HCORM-iOS/HCORM-iOS-Prefix.pch";
				GCC_PREPROCESSOR_DEFINITIONS = (
					"DEBUG=1",
					"$(inherited)",
				);
				INFOPLIST_FILE = "HCORM-iOSTests/HCORM-iOSTests-Info.plist";
				PRODUCT_NAME = "$(TARGET_NAME)";
				TEST_HOST = "$(BUNDLE_LOADER)";
				WRAPPER_EXTENSION = xctest;
			};
			name = Debug;
		};
		C9AF2F0419B8E1F000F1DAEC /* Release */ = {
			isa = XCBuildConfiguration;
			buildSettings = {
				BUNDLE_LOADER = "$(BUILT_PRODUCTS_DIR)/HCORM-iOS.app/HCORM-iOS";
				FRAMEWORK_SEARCH_PATHS = (
					"$(SDKROOT)/Developer/Library/Frameworks",
					"$(inherited)",
					"$(DEVELOPER_FRAMEWORKS_DIR)",
				);
				GCC_PRECOMPILE_PREFIX_HEADER = YES;
				GCC_PREFIX_HEADER = "HCORM-iOS/HCORM-iOS-Prefix.pch";
				INFOPLIST_FILE = "HCORM-iOSTests/HCORM-iOSTests-Info.plist";
				PRODUCT_NAME = "$(TARGET_NAME)";
				TEST_HOST = "$(BUNDLE_LOADER)";
				WRAPPER_EXTENSION = xctest;
			};
			name = Release;
		};
/* End XCBuildConfiguration section */

/* Begin XCConfigurationList section */
		C9AF2ECE19B8E1EF00F1DAEC /* Build configuration list for PBXProject "HCORM-iOS" */ = {
			isa = XCConfigurationList;
			buildConfigurations = (
				C9AF2EFD19B8E1F000F1DAEC /* Debug */,
				C9AF2EFE19B8E1F000F1DAEC /* Release */,
			);
			defaultConfigurationIsVisible = 0;
			defaultConfigurationName = Release;
		};
		C9AF2EFF19B8E1F000F1DAEC /* Build configuration list for PBXNativeTarget "HCORM-iOS" */ = {
			isa = XCConfigurationList;
			buildConfigurations = (
				C9AF2F0019B8E1F000F1DAEC /* Debug */,
				C9AF2F0119B8E1F000F1DAEC /* Release */,
			);
			defaultConfigurationIsVisible = 0;
			defaultConfigurationName = Release;
		};
		C9AF2F0219B8E1F000F1DAEC /* Build configuration list for PBXNativeTarget "HCORM-iOSTests" */ = {
			isa = XCConfigurationList;
			buildConfigurations = (
				C9AF2F0319B8E1F000F1DAEC /* Debug */,
				C9AF2F0419B8E1F000F1DAEC /* Release */,
			);
			defaultConfigurationIsVisible = 0;
			defaultConfigurationName = Release;
		};
/* End XCConfigurationList section */
	};
	rootObject = C9AF2ECB19B8E1EF00F1DAEC /* Project object */;
}
